{
  "name": "Fiori",
  "lockfileVersion": 2,
  "requires": true,
  "packages": {
    "": {
      "devDependencies": {
        "@sapui5/ts-types": "^1.101.0"
      }
    },
    "node_modules/@sapui5/ts-types": {
      "version": "1.101.0",
      "resolved": "https://registry.npmjs.org/@sapui5/ts-types/-/ts-types-1.101.0.tgz",
      "integrity": "sha512-xGXANNF9PhDNqpMqTqX8eugyPV5ow7wOqKw9wqHkGWPalv9AydDFSQayrHU3XGHfr2fyY1NjmiXUvyA2v8TyzA==",
      "dev": true
    }
  },
  "dependencies": {
    "@sapui5/ts-types": {
      "version": "1.101.0",
      "resolved": "https://registry.npmjs.org/@sapui5/ts-types/-/ts-types-1.101.0.tgz",
      "integrity": "sha512-xGXANNF9PhDNqpMqTqX8eugyPV5ow7wOqKw9wqHkGWPalv9AydDFSQayrHU3XGHfr2fyY1NjmiXUvyA2v8TyzA==",
      "dev": true
    }
  }
}
